# This file was autogenerated by Stack.
# You should not edit this file by hand.
# For more information, please see the documentation at:
#   https://docs.haskellstack.org/en/stable/lock_files

packages:
- completed:
    hackage: brick-0.73@sha256:4302075152feba76d5b89d76dc1209964a9e0efa72181a3495db0c80e911c529,16370
    pantry-tree:
      sha256: 184404dbe7026254449c8ca5601dd92cb9b11b6ed34bf30c9c15af2b6129f465
      size: 6112
  original:
    hackage: brick-0.73@sha256:4302075152feba76d5b89d76dc1209964a9e0efa72181a3495db0c80e911c529,16370
snapshots:
- completed:
    sha256: 8017c7970c2a8a9510c60cc70ac245d59e0c34eb932b91d37af09fe59855d854
    size: 640038
    url: https://raw.githubusercontent.com/commercialhaskell/stackage-snapshots/master/lts/21/13.yaml
  original:
    url: https://raw.githubusercontent.com/commercialhaskell/stackage-snapshots/master/lts/21/13.yaml
