# This file was autogenerated by Stack.
# You should not edit this file by hand.
# For more information, please see the documentation at:
#   https://docs.haskellstack.org/en/stable/lock_files

packages: []
snapshots:
- completed:
    sha256: c067098ea221c83ce03ccae4cfd5b104fb8a689b17ebb15dbe9d0793e9db4329
    size: 699418
    url: https://raw.githubusercontent.com/commercialhaskell/stackage-snapshots/master/nightly/2023/11/27.yaml
  original:
    url: https://raw.githubusercontent.com/commercialhaskell/stackage-snapshots/master/nightly/2023/11/27.yaml
